
Microsoft Visual Studio Solution File, Format Version 12.00
# Visual Studio Version 17
VisualStudioVersion = 17.5.33424.131
MinimumVisualStudioVersion = 10.0.40219.1
Project("{FAE04EC0-301F-11D3-BF4B-00C04F79EFBC}") = "WpfApp7", "WpfApp7.csproj", "{CBBC3696-DE28-41BF-B7C8-44A16DA1901A}"
EndProject
Global
	GlobalSection(SolutionConfigurationPlatforms) = preSolution
		Debug|Any CPU = Debug|Any CPU
		Release|Any CPU = Release|Any CPU
	EndGlobalSection
	GlobalSection(ProjectConfigurationPlatforms) = postSolution
		{CBBC3696-DE28-41BF-B7C8-44A16DA1901A}.Debug|Any CPU.ActiveCfg = Debug|Any CPU
		{CBBC3696-DE28-41BF-B7C8-44A16DA1901A}.Debug|Any CPU.Build.0 = Debug|Any CPU
		{CBBC3696-DE28-41BF-B7C8-44A16DA1901A}.Release|Any CPU.ActiveCfg = Release|Any CPU
		{CBBC3696-DE28-41BF-B7C8-44A16DA1901A}.Release|Any CPU.Build.0 = Release|Any CPU
	EndGlobalSection
	GlobalSection(SolutionProperties) = preSolution
		HideSolutionNode = FALSE
	EndGlobalSection
	GlobalSection(ExtensibilityGlobals) = postSolution
		SolutionGuid = {3449AF02-89BF-4B58-8417-900FF4A65BE9}
	EndGlobalSection
EndGlobal
